
Microsoft Visual Studio Solution File, Format Version 12.00
# Visual Studio Version 17
VisualStudioVersion = 17.8.34525.116
MinimumVisualStudioVersion = 10.0.40219.1
Project("{F184B08F-C81C-45F6-A57F-5ABD9991F28F}") = "PrjTekstiPooraja", "PrjTekstiPooraja\PrjTekstiPooraja.vbproj", "{08B17B3D-CCD5-4359-B68B-54FE96F3CA49}"
EndProject
Global
	GlobalSection(SolutionConfigurationPlatforms) = preSolution
		Debug|Any CPU = Debug|Any CPU
		Release|Any CPU = Release|Any CPU
	EndGlobalSection
	GlobalSection(ProjectConfigurationPlatforms) = postSolution
		{08B17B3D-CCD5-4359-B68B-54FE96F3CA49}.Debug|Any CPU.ActiveCfg = Debug|Any CPU
		{08B17B3D-CCD5-4359-B68B-54FE96F3CA49}.Debug|Any CPU.Build.0 = Debug|Any CPU
		{08B17B3D-CCD5-4359-B68B-54FE96F3CA49}.Release|Any CPU.ActiveCfg = Release|Any CPU
		{08B17B3D-CCD5-4359-B68B-54FE96F3CA49}.Release|Any CPU.Build.0 = Release|Any CPU
	EndGlobalSection
	GlobalSection(SolutionProperties) = preSolution
		HideSolutionNode = FALSE
	EndGlobalSection
	GlobalSection(ExtensibilityGlobals) = postSolution
		SolutionGuid = {B2F79639-1252-4A45-BD6A-8296605BEBFC}
	EndGlobalSection
EndGlobal
